
Microsoft Visual Studio Solution File, Format Version 12.00
# Visual Studio Version 17
VisualStudioVersion = 17.11.35312.102
MinimumVisualStudioVersion = 10.0.40219.1
Project("{FAE04EC0-301F-11D3-BF4B-00C04F79EFBC}") = "VisualHead", "VisualHead.csproj", "{D5F151BF-6BED-451A-A771-50FFD64ECC95}"
EndProject
Global
	GlobalSection(SolutionConfigurationPlatforms) = preSolution
		Debug|Any CPU = Debug|Any CPU
		Release|Any CPU = Release|Any CPU
	EndGlobalSection
	GlobalSection(ProjectConfigurationPlatforms) = postSolution
		{D5F151BF-6BED-451A-A771-50FFD64ECC95}.Debug|Any CPU.ActiveCfg = Debug|Any CPU
		{D5F151BF-6BED-451A-A771-50FFD64ECC95}.Debug|Any CPU.Build.0 = Debug|Any CPU
		{D5F151BF-6BED-451A-A771-50FFD64ECC95}.Release|Any CPU.ActiveCfg = Release|Any CPU
		{D5F151BF-6BED-451A-A771-50FFD64ECC95}.Release|Any CPU.Build.0 = Release|Any CPU
	EndGlobalSection
	GlobalSection(SolutionProperties) = preSolution
		HideSolutionNode = FALSE
	EndGlobalSection
	GlobalSection(ExtensibilityGlobals) = postSolution
		SolutionGuid = {5738BAC0-E22F-42C4-987D-BBB9100622F6}
	EndGlobalSection
EndGlobal
